
Microsoft Visual Studio Solution File, Format Version 12.00
# Visual Studio Version 16
VisualStudioVersion = 16.0.30611.23
MinimumVisualStudioVersion = 15.0.26124.0
Project("{FAE04EC0-301F-11D3-BF4B-00C04F79EFBC}") = "", "Tests/SuperSimpleContactList.Tests.csproj", "73a1c761-34cd-4f7f-ae39-ddebc6df64cd"
EndProject
Project("{FAE04EC0-301F-11D3-BF4B-00C04F79EFBC}") = "", "Objects/SuperSimpleContactList.Objects.csproj", "62cc3396-e48b-4782-9b67-6d94e6a70d5b"
EndProject
Project("{FAE04EC0-301F-11D3-BF4B-00C04F79EFBC}") = "", "BusinessServers/SuperSimpleContactList.BusinessServers.csproj", "ecac9972-2c2f-49a1-8a19-add484ff89ee"
EndProject
Project("{FAE04EC0-301F-11D3-BF4B-00C04F79EFBC}") = "", "ODataBackend/SuperSimpleContactList.ODataBackend.csproj", "2d4f800a-c57e-44f0-8b08-f4521df77982"
EndProject
Project("{FAE04EC0-301F-11D3-BF4B-00C04F79EFBC}") = "", "IntegrationTests/SuperSimpleContactList.IntegrationTests.csproj", "c3fecc0d-ec05-4b99-bc90-d4fedb7e5e7c"
EndProject
Global
	GlobalSection(SolutionConfigurationPlatforms) = preSolution
Debug|Any CPU = Debug|Any CPU
Release|Any CPU = Release|Any CPU
	EndGlobalSection
	GlobalSection(ProjectConfigurationPlatforms) = postSolution
		73a1c761-34cd-4f7f-ae39-ddebc6df64cd.Debug|Any CPU.ActiveCfg = Debug|Any CPU
		73a1c761-34cd-4f7f-ae39-ddebc6df64cd.Debug|Any CPU.Build.0 = Debug|Any CPU
		73a1c761-34cd-4f7f-ae39-ddebc6df64cd.Release|Any CPU.ActiveCfg = Release|Any CPU
		73a1c761-34cd-4f7f-ae39-ddebc6df64cd.Release|Any CPU.Build.0 = Release|Any CPU
		62cc3396-e48b-4782-9b67-6d94e6a70d5b.Debug|Any CPU.ActiveCfg = Debug|Any CPU
		62cc3396-e48b-4782-9b67-6d94e6a70d5b.Debug|Any CPU.Build.0 = Debug|Any CPU
		62cc3396-e48b-4782-9b67-6d94e6a70d5b.Release|Any CPU.ActiveCfg = Release|Any CPU
		62cc3396-e48b-4782-9b67-6d94e6a70d5b.Release|Any CPU.Build.0 = Release|Any CPU
		ecac9972-2c2f-49a1-8a19-add484ff89ee.Debug|Any CPU.ActiveCfg = Debug|Any CPU
		ecac9972-2c2f-49a1-8a19-add484ff89ee.Debug|Any CPU.Build.0 = Debug|Any CPU
		ecac9972-2c2f-49a1-8a19-add484ff89ee.Release|Any CPU.ActiveCfg = Release|Any CPU
		ecac9972-2c2f-49a1-8a19-add484ff89ee.Release|Any CPU.Build.0 = Release|Any CPU
		2d4f800a-c57e-44f0-8b08-f4521df77982.Debug|Any CPU.ActiveCfg = Debug|Any CPU
		2d4f800a-c57e-44f0-8b08-f4521df77982.Debug|Any CPU.Build.0 = Debug|Any CPU
		2d4f800a-c57e-44f0-8b08-f4521df77982.Release|Any CPU.ActiveCfg = Release|Any CPU
		2d4f800a-c57e-44f0-8b08-f4521df77982.Release|Any CPU.Build.0 = Release|Any CPU
		c3fecc0d-ec05-4b99-bc90-d4fedb7e5e7c.Debug|Any CPU.ActiveCfg = Debug|Any CPU
		c3fecc0d-ec05-4b99-bc90-d4fedb7e5e7c.Debug|Any CPU.Build.0 = Debug|Any CPU
		c3fecc0d-ec05-4b99-bc90-d4fedb7e5e7c.Release|Any CPU.ActiveCfg = Release|Any CPU
		c3fecc0d-ec05-4b99-bc90-d4fedb7e5e7c.Release|Any CPU.Build.0 = Release|Any CPU
	EndGlobalSection
	GlobalSection(SolutionProperties) = preSolution
		HideSolutionNode = FALSE
	EndGlobalSection
EndGlobal
